
Microsoft Visual Studio Solution File, Format Version 12.00
# Visual Studio 15
VisualStudioVersion = 15.0.28307.271
MinimumVisualStudioVersion = 10.0.40219.1
Project("{FAE04EC0-301F-11D3-BF4B-00C04F79EFBC}") = "ProductCatalog.Model", "ProductCatalog.Model\ProductCatalog.Model.csproj", "{DBE92079-7BF3-41A8-83D6-4A2C5AC8971B}"
EndProject
Project("{FAE04EC0-301F-11D3-BF4B-00C04F79EFBC}") = "ProductCatalog.DAO", "ProductCatalog.DAO\ProductCatalog.DAO.csproj", "{88839261-6AF9-49DF-924C-C563465735EE}"
EndProject
Project("{FAE04EC0-301F-11D3-BF4B-00C04F79EFBC}") = "ProductCatalog.Services", "ProductCatalog.Services\ProductCatalog.Services.csproj", "{690617D5-23DA-40B2-98D3-5B37B835CF72}"
EndProject
Project("{2150E333-8FDC-42A3-9474-1A3956D46DE8}") = "Testes", "Testes", "{996EEBAB-94BC-4819-80B9-2691F60F8E01}"
EndProject
Project("{FAE04EC0-301F-11D3-BF4B-00C04F79EFBC}") = "ProductCatalog.CMD", "ProductCatalog.CMD\ProductCatalog.CMD.csproj", "{89AFDF2A-1037-420A-B968-FD2BC53F0B52}"
EndProject
Project("{FAE04EC0-301F-11D3-BF4B-00C04F79EFBC}") = "ProductCatalog.Web", "ProductCatalog.Web\ProductCatalog.Web.csproj", "{B691408F-0758-4909-9BB2-D93D13B32550}"
EndProject
Project("{FAE04EC0-301F-11D3-BF4B-00C04F79EFBC}") = "ProductCatalog.Mobile.Android", "ProductCatalog.Mobile\ProductCatalog.Mobile.Android\ProductCatalog.Mobile.Android.csproj", "{93A7ED0A-673B-4210-BB99-F3E7B348D9C5}"
EndProject
Project("{FAE04EC0-301F-11D3-BF4B-00C04F79EFBC}") = "ProductCatalog.Mobile.iOS", "ProductCatalog.Mobile\ProductCatalog.Mobile.iOS\ProductCatalog.Mobile.iOS.csproj", "{3B9C21B2-345D-4E51-936E-94CBC57911CC}"
EndProject
Project("{FAE04EC0-301F-11D3-BF4B-00C04F79EFBC}") = "ProductCatalog.Mobile.UWP", "ProductCatalog.Mobile\ProductCatalog.Mobile.UWP\ProductCatalog.Mobile.UWP.csproj", "{08F4CA1E-CE3A-4BCF-97B0-56B5E492BB5C}"
EndProject
Project("{FAE04EC0-301F-11D3-BF4B-00C04F79EFBC}") = "ProductCatalog.Mobile", "ProductCatalog.Mobile\ProductCatalog.Mobile\ProductCatalog.Mobile.csproj", "{F250D305-BC57-4729-A8D6-F598732774DC}"
EndProject
Global
	GlobalSection(SolutionConfigurationPlatforms) = preSolution
		Ad-Hoc|Any CPU = Ad-Hoc|Any CPU
		Ad-Hoc|ARM = Ad-Hoc|ARM
		Ad-Hoc|iPhone = Ad-Hoc|iPhone
		Ad-Hoc|iPhoneSimulator = Ad-Hoc|iPhoneSimulator
		Ad-Hoc|x64 = Ad-Hoc|x64
		Ad-Hoc|x86 = Ad-Hoc|x86
		AppStore|Any CPU = AppStore|Any CPU
		AppStore|ARM = AppStore|ARM
		AppStore|iPhone = AppStore|iPhone
		AppStore|iPhoneSimulator = AppStore|iPhoneSimulator
		AppStore|x64 = AppStore|x64
		AppStore|x86 = AppStore|x86
		Debug|Any CPU = Debug|Any CPU
		Debug|ARM = Debug|ARM
		Debug|iPhone = Debug|iPhone
		Debug|iPhoneSimulator = Debug|iPhoneSimulator
		Debug|x64 = Debug|x64
		Debug|x86 = Debug|x86
		Release|Any CPU = Release|Any CPU
		Release|ARM = Release|ARM
		Release|iPhone = Release|iPhone
		Release|iPhoneSimulator = Release|iPhoneSimulator
		Release|x64 = Release|x64
		Release|x86 = Release|x86
	EndGlobalSection
	GlobalSection(ProjectConfigurationPlatforms) = postSolution
		{DBE92079-7BF3-41A8-83D6-4A2C5AC8971B}.Ad-Hoc|Any CPU.ActiveCfg = Release|Any CPU
		{DBE92079-7BF3-41A8-83D6-4A2C5AC8971B}.Ad-Hoc|Any CPU.Build.0 = Release|Any CPU
		{DBE92079-7BF3-41A8-83D6-4A2C5AC8971B}.Ad-Hoc|ARM.ActiveCfg = Release|Any CPU
		{DBE92079-7BF3-41A8-83D6-4A2C5AC8971B}.Ad-Hoc|ARM.Build.0 = Release|Any CPU
		{DBE92079-7BF3-41A8-83D6-4A2C5AC8971B}.Ad-Hoc|iPhone.ActiveCfg = Release|Any CPU
		{DBE92079-7BF3-41A8-83D6-4A2C5AC8971B}.Ad-Hoc|iPhone.Build.0 = Release|Any CPU
		{DBE92079-7BF3-41A8-83D6-4A2C5AC8971B}.Ad-Hoc|iPhoneSimulator.ActiveCfg = Release|Any CPU
		{DBE92079-7BF3-41A8-83D6-4A2C5AC8971B}.Ad-Hoc|iPhoneSimulator.Build.0 = Release|Any CPU
		{DBE92079-7BF3-41A8-83D6-4A2C5AC8971B}.Ad-Hoc|x64.ActiveCfg = Release|Any CPU
		{DBE92079-7BF3-41A8-83D6-4A2C5AC8971B}.Ad-Hoc|x64.Build.0 = Release|Any CPU
		{DBE92079-7BF3-41A8-83D6-4A2C5AC8971B}.Ad-Hoc|x86.ActiveCfg = Release|Any CPU
		{DBE92079-7BF3-41A8-83D6-4A2C5AC8971B}.Ad-Hoc|x86.Build.0 = Release|Any CPU
		{DBE92079-7BF3-41A8-83D6-4A2C5AC8971B}.AppStore|Any CPU.ActiveCfg = Release|Any CPU
		{DBE92079-7BF3-41A8-83D6-4A2C5AC8971B}.AppStore|Any CPU.Build.0 = Release|Any CPU
		{DBE92079-7BF3-41A8-83D6-4A2C5AC8971B}.AppStore|ARM.ActiveCfg = Release|Any CPU
		{DBE92079-7BF3-41A8-83D6-4A2C5AC8971B}.AppStore|ARM.Build.0 = Release|Any CPU
		{DBE92079-7BF3-41A8-83D6-4A2C5AC8971B}.AppStore|iPhone.ActiveCfg = Release|Any CPU
		{DBE92079-7BF3-41A8-83D6-4A2C5AC8971B}.AppStore|iPhone.Build.0 = Release|Any CPU
		{DBE92079-7BF3-41A8-83D6-4A2C5AC8971B}.AppStore|iPhoneSimulator.ActiveCfg = Release|Any CPU
		{DBE92079-7BF3-41A8-83D6-4A2C5AC8971B}.AppStore|iPhoneSimulator.Build.0 = Release|Any CPU
		{DBE92079-7BF3-41A8-83D6-4A2C5AC8971B}.AppStore|x64.ActiveCfg = Release|Any CPU
		{DBE92079-7BF3-41A8-83D6-4A2C5AC8971B}.AppStore|x64.Build.0 = Release|Any CPU
		{DBE92079-7BF3-41A8-83D6-4A2C5AC8971B}.AppStore|x86.ActiveCfg = Release|Any CPU
		{DBE92079-7BF3-41A8-83D6-4A2C5AC8971B}.AppStore|x86.Build.0 = Release|Any CPU
		{DBE92079-7BF3-41A8-83D6-4A2C5AC8971B}.Debug|Any CPU.ActiveCfg = Debug|Any CPU
		{DBE92079-7BF3-41A8-83D6-4A2C5AC8971B}.Debug|Any CPU.Build.0 = Debug|Any CPU
		{DBE92079-7BF3-41A8-83D6-4A2C5AC8971B}.Debug|ARM.ActiveCfg = Debug|Any CPU
		{DBE92079-7BF3-41A8-83D6-4A2C5AC8971B}.Debug|ARM.Build.0 = Debug|Any CPU
		{DBE92079-7BF3-41A8-83D6-4A2C5AC8971B}.Debug|iPhone.ActiveCfg = Debug|Any CPU
		{DBE92079-7BF3-41A8-83D6-4A2C5AC8971B}.Debug|iPhone.Build.0 = Debug|Any CPU
		{DBE92079-7BF3-41A8-83D6-4A2C5AC8971B}.Debug|iPhoneSimulator.ActiveCfg = Debug|Any CPU
		{DBE92079-7BF3-41A8-83D6-4A2C5AC8971B}.Debug|iPhoneSimulator.Build.0 = Debug|Any CPU
		{DBE92079-7BF3-41A8-83D6-4A2C5AC8971B}.Debug|x64.ActiveCfg = Debug|Any CPU
		{DBE92079-7BF3-41A8-83D6-4A2C5AC8971B}.Debug|x64.Build.0 = Debug|Any CPU
		{DBE92079-7BF3-41A8-83D6-4A2C5AC8971B}.Debug|x86.ActiveCfg = Debug|Any CPU
		{DBE92079-7BF3-41A8-83D6-4A2C5AC8971B}.Debug|x86.Build.0 = Debug|Any CPU
		{DBE92079-7BF3-41A8-83D6-4A2C5AC8971B}.Release|Any CPU.ActiveCfg = Release|Any CPU
		{DBE92079-7BF3-41A8-83D6-4A2C5AC8971B}.Release|Any CPU.Build.0 = Release|Any CPU
		{DBE92079-7BF3-41A8-83D6-4A2C5AC8971B}.Release|ARM.ActiveCfg = Release|Any CPU
		{DBE92079-7BF3-41A8-83D6-4A2C5AC8971B}.Release|ARM.Build.0 = Release|Any CPU
		{DBE92079-7BF3-41A8-83D6-4A2C5AC8971B}.Release|iPhone.ActiveCfg = Release|Any CPU
		{DBE92079-7BF3-41A8-83D6-4A2C5AC8971B}.Release|iPhone.Build.0 = Release|Any CPU
		{DBE92079-7BF3-41A8-83D6-4A2C5AC8971B}.Release|iPhoneSimulator.ActiveCfg = Release|Any CPU
		{DBE92079-7BF3-41A8-83D6-4A2C5AC8971B}.Release|iPhoneSimulator.Build.0 = Release|Any CPU
		{DBE92079-7BF3-41A8-83D6-4A2C5AC8971B}.Release|x64.ActiveCfg = Release|Any CPU
		{DBE92079-7BF3-41A8-83D6-4A2C5AC8971B}.Release|x64.Build.0 = Release|Any CPU
		{DBE92079-7BF3-41A8-83D6-4A2C5AC8971B}.Release|x86.ActiveCfg = Release|Any CPU
		{DBE92079-7BF3-41A8-83D6-4A2C5AC8971B}.Release|x86.Build.0 = Release|Any CPU
		{88839261-6AF9-49DF-924C-C563465735EE}.Ad-Hoc|Any CPU.ActiveCfg = Release|Any CPU
		{88839261-6AF9-49DF-924C-C563465735EE}.Ad-Hoc|Any CPU.Build.0 = Release|Any CPU
		{88839261-6AF9-49DF-924C-C563465735EE}.Ad-Hoc|ARM.ActiveCfg = Release|Any CPU
		{88839261-6AF9-49DF-924C-C563465735EE}.Ad-Hoc|ARM.Build.0 = Release|Any CPU
		{88839261-6AF9-49DF-924C-C563465735EE}.Ad-Hoc|iPhone.ActiveCfg = Release|Any CPU
		{88839261-6AF9-49DF-924C-C563465735EE}.Ad-Hoc|iPhone.Build.0 = Release|Any CPU
		{88839261-6AF9-49DF-924C-C563465735EE}.Ad-Hoc|iPhoneSimulator.ActiveCfg = Release|Any CPU
		{88839261-6AF9-49DF-924C-C563465735EE}.Ad-Hoc|iPhoneSimulator.Build.0 = Release|Any CPU
		{88839261-6AF9-49DF-924C-C563465735EE}.Ad-Hoc|x64.ActiveCfg = Release|Any CPU
		{88839261-6AF9-49DF-924C-C563465735EE}.Ad-Hoc|x64.Build.0 = Release|Any CPU
		{88839261-6AF9-49DF-924C-C563465735EE}.Ad-Hoc|x86.ActiveCfg = Release|Any CPU
		{88839261-6AF9-49DF-924C-C563465735EE}.Ad-Hoc|x86.Build.0 = Release|Any CPU
		{88839261-6AF9-49DF-924C-C563465735EE}.AppStore|Any CPU.ActiveCfg = Release|Any CPU
		{88839261-6AF9-49DF-924C-C563465735EE}.AppStore|Any CPU.Build.0 = Release|Any CPU
		{88839261-6AF9-49DF-924C-C563465735EE}.AppStore|ARM.ActiveCfg = Release|Any CPU
		{88839261-6AF9-49DF-924C-C563465735EE}.AppStore|ARM.Build.0 = Release|Any CPU
		{88839261-6AF9-49DF-924C-C563465735EE}.AppStore|iPhone.ActiveCfg = Release|Any CPU
		{88839261-6AF9-49DF-924C-C563465735EE}.AppStore|iPhone.Build.0 = Release|Any CPU
		{88839261-6AF9-49DF-924C-C563465735EE}.AppStore|iPhoneSimulator.ActiveCfg = Release|Any CPU
		{88839261-6AF9-49DF-924C-C563465735EE}.AppStore|iPhoneSimulator.Build.0 = Release|Any CPU
		{88839261-6AF9-49DF-924C-C563465735EE}.AppStore|x64.ActiveCfg = Release|Any CPU
		{88839261-6AF9-49DF-924C-C563465735EE}.AppStore|x64.Build.0 = Release|Any CPU
		{88839261-6AF9-49DF-924C-C563465735EE}.AppStore|x86.ActiveCfg = Release|Any CPU
		{88839261-6AF9-49DF-924C-C563465735EE}.AppStore|x86.Build.0 = Release|Any CPU
		{88839261-6AF9-49DF-924C-C563465735EE}.Debug|Any CPU.ActiveCfg = Debug|Any CPU
		{88839261-6AF9-49DF-924C-C563465735EE}.Debug|Any CPU.Build.0 = Debug|Any CPU
		{88839261-6AF9-49DF-924C-C563465735EE}.Debug|ARM.ActiveCfg = Debug|Any CPU
		{88839261-6AF9-49DF-924C-C563465735EE}.Debug|ARM.Build.0 = Debug|Any CPU
		{88839261-6AF9-49DF-924C-C563465735EE}.Debug|iPhone.ActiveCfg = Debug|Any CPU
		{88839261-6AF9-49DF-924C-C563465735EE}.Debug|iPhone.Build.0 = Debug|Any CPU
		{88839261-6AF9-49DF-924C-C563465735EE}.Debug|iPhoneSimulator.ActiveCfg = Debug|Any CPU
		{88839261-6AF9-49DF-924C-C563465735EE}.Debug|iPhoneSimulator.Build.0 = Debug|Any CPU
		{88839261-6AF9-49DF-924C-C563465735EE}.Debug|x64.ActiveCfg = Debug|Any CPU
		{88839261-6AF9-49DF-924C-C563465735EE}.Debug|x64.Build.0 = Debug|Any CPU
		{88839261-6AF9-49DF-924C-C563465735EE}.Debug|x86.ActiveCfg = Debug|Any CPU
		{88839261-6AF9-49DF-924C-C563465735EE}.Debug|x86.Build.0 = Debug|Any CPU
		{88839261-6AF9-49DF-924C-C563465735EE}.Release|Any CPU.ActiveCfg = Release|Any CPU
		{88839261-6AF9-49DF-924C-C563465735EE}.Release|Any CPU.Build.0 = Release|Any CPU
		{88839261-6AF9-49DF-924C-C563465735EE}.Release|ARM.ActiveCfg = Release|Any CPU
		{88839261-6AF9-49DF-924C-C563465735EE}.Release|ARM.Build.0 = Release|Any CPU
		{88839261-6AF9-49DF-924C-C563465735EE}.Release|iPhone.ActiveCfg = Release|Any CPU
		{88839261-6AF9-49DF-924C-C563465735EE}.Release|iPhone.Build.0 = Release|Any CPU
		{88839261-6AF9-49DF-924C-C563465735EE}.Release|iPhoneSimulator.ActiveCfg = Release|Any CPU
		{88839261-6AF9-49DF-924C-C563465735EE}.Release|iPhoneSimulator.Build.0 = Release|Any CPU
		{88839261-6AF9-49DF-924C-C563465735EE}.Release|x64.ActiveCfg = Release|Any CPU
		{88839261-6AF9-49DF-924C-C563465735EE}.Release|x64.Build.0 = Release|Any CPU
		{88839261-6AF9-49DF-924C-C563465735EE}.Release|x86.ActiveCfg = Release|Any CPU
		{88839261-6AF9-49DF-924C-C563465735EE}.Release|x86.Build.0 = Release|Any CPU
		{690617D5-23DA-40B2-98D3-5B37B835CF72}.Ad-Hoc|Any CPU.ActiveCfg = Release|Any CPU
		{690617D5-23DA-40B2-98D3-5B37B835CF72}.Ad-Hoc|Any CPU.Build.0 = Release|Any CPU
		{690617D5-23DA-40B2-98D3-5B37B835CF72}.Ad-Hoc|ARM.ActiveCfg = Release|Any CPU
		{690617D5-23DA-40B2-98D3-5B37B835CF72}.Ad-Hoc|ARM.Build.0 = Release|Any CPU
		{690617D5-23DA-40B2-98D3-5B37B835CF72}.Ad-Hoc|iPhone.ActiveCfg = Release|Any CPU
		{690617D5-23DA-40B2-98D3-5B37B835CF72}.Ad-Hoc|iPhone.Build.0 = Release|Any CPU
		{690617D5-23DA-40B2-98D3-5B37B835CF72}.Ad-Hoc|iPhoneSimulator.ActiveCfg = Release|Any CPU
		{690617D5-23DA-40B2-98D3-5B37B835CF72}.Ad-Hoc|iPhoneSimulator.Build.0 = Release|Any CPU
		{690617D5-23DA-40B2-98D3-5B37B835CF72}.Ad-Hoc|x64.ActiveCfg = Release|Any CPU
		{690617D5-23DA-40B2-98D3-5B37B835CF72}.Ad-Hoc|x64.Build.0 = Release|Any CPU
		{690617D5-23DA-40B2-98D3-5B37B835CF72}.Ad-Hoc|x86.ActiveCfg = Release|Any CPU
		{690617D5-23DA-40B2-98D3-5B37B835CF72}.Ad-Hoc|x86.Build.0 = Release|Any CPU
		{690617D5-23DA-40B2-98D3-5B37B835CF72}.AppStore|Any CPU.ActiveCfg = Release|Any CPU
		{690617D5-23DA-40B2-98D3-5B37B835CF72}.AppStore|Any CPU.Build.0 = Release|Any CPU
		{690617D5-23DA-40B2-98D3-5B37B835CF72}.AppStore|ARM.ActiveCfg = Release|Any CPU
		{690617D5-23DA-40B2-98D3-5B37B835CF72}.AppStore|ARM.Build.0 = Release|Any CPU
		{690617D5-23DA-40B2-98D3-5B37B835CF72}.AppStore|iPhone.ActiveCfg = Release|Any CPU
		{690617D5-23DA-40B2-98D3-5B37B835CF72}.AppStore|iPhone.Build.0 = Release|Any CPU
		{690617D5-23DA-40B2-98D3-5B37B835CF72}.AppStore|iPhoneSimulator.ActiveCfg = Release|Any CPU
		{690617D5-23DA-40B2-98D3-5B37B835CF72}.AppStore|iPhoneSimulator.Build.0 = Release|Any CPU
		{690617D5-23DA-40B2-98D3-5B37B835CF72}.AppStore|x64.ActiveCfg = Release|Any CPU
		{690617D5-23DA-40B2-98D3-5B37B835CF72}.AppStore|x64.Build.0 = Release|Any CPU
		{690617D5-23DA-40B2-98D3-5B37B835CF72}.AppStore|x86.ActiveCfg = Release|Any CPU
		{690617D5-23DA-40B2-98D3-5B37B835CF72}.AppStore|x86.Build.0 = Release|Any CPU
		{690617D5-23DA-40B2-98D3-5B37B835CF72}.Debug|Any CPU.ActiveCfg = Debug|Any CPU
		{690617D5-23DA-40B2-98D3-5B37B835CF72}.Debug|Any CPU.Build.0 = Debug|Any CPU
		{690617D5-23DA-40B2-98D3-5B37B835CF72}.Debug|ARM.ActiveCfg = Debug|Any CPU
		{690617D5-23DA-40B2-98D3-5B37B835CF72}.Debug|ARM.Build.0 = Debug|Any CPU
		{690617D5-23DA-40B2-98D3-5B37B835CF72}.Debug|iPhone.ActiveCfg = Debug|Any CPU
		{690617D5-23DA-40B2-98D3-5B37B835CF72}.Debug|iPhone.Build.0 = Debug|Any CPU
		{690617D5-23DA-40B2-98D3-5B37B835CF72}.Debug|iPhoneSimulator.ActiveCfg = Debug|Any CPU
		{690617D5-23DA-40B2-98D3-5B37B835CF72}.Debug|iPhoneSimulator.Build.0 = Debug|Any CPU
		{690617D5-23DA-40B2-98D3-5B37B835CF72}.Debug|x64.ActiveCfg = Debug|Any CPU
		{690617D5-23DA-40B2-98D3-5B37B835CF72}.Debug|x64.Build.0 = Debug|Any CPU
		{690617D5-23DA-40B2-98D3-5B37B835CF72}.Debug|x86.ActiveCfg = Debug|Any CPU
		{690617D5-23DA-40B2-98D3-5B37B835CF72}.Debug|x86.Build.0 = Debug|Any CPU
		{690617D5-23DA-40B2-98D3-5B37B835CF72}.Release|Any CPU.ActiveCfg = Release|Any CPU
		{690617D5-23DA-40B2-98D3-5B37B835CF72}.Release|Any CPU.Build.0 = Release|Any CPU
		{690617D5-23DA-40B2-98D3-5B37B835CF72}.Release|ARM.ActiveCfg = Release|Any CPU
		{690617D5-23DA-40B2-98D3-5B37B835CF72}.Release|ARM.Build.0 = Release|Any CPU
		{690617D5-23DA-40B2-98D3-5B37B835CF72}.Release|iPhone.ActiveCfg = Release|Any CPU
		{690617D5-23DA-40B2-98D3-5B37B835CF72}.Release|iPhone.Build.0 = Release|Any CPU
		{690617D5-23DA-40B2-98D3-5B37B835CF72}.Release|iPhoneSimulator.ActiveCfg = Release|Any CPU
		{690617D5-23DA-40B2-98D3-5B37B835CF72}.Release|iPhoneSimulator.Build.0 = Release|Any CPU
		{690617D5-23DA-40B2-98D3-5B37B835CF72}.Release|x64.ActiveCfg = Release|Any CPU
		{690617D5-23DA-40B2-98D3-5B37B835CF72}.Release|x64.Build.0 = Release|Any CPU
		{690617D5-23DA-40B2-98D3-5B37B835CF72}.Release|x86.ActiveCfg = Release|Any CPU
		{690617D5-23DA-40B2-98D3-5B37B835CF72}.Release|x86.Build.0 = Release|Any CPU
		{89AFDF2A-1037-420A-B968-FD2BC53F0B52}.Ad-Hoc|Any CPU.ActiveCfg = Release|Any CPU
		{89AFDF2A-1037-420A-B968-FD2BC53F0B52}.Ad-Hoc|Any CPU.Build.0 = Release|Any CPU
		{89AFDF2A-1037-420A-B968-FD2BC53F0B52}.Ad-Hoc|ARM.ActiveCfg = Release|Any CPU
		{89AFDF2A-1037-420A-B968-FD2BC53F0B52}.Ad-Hoc|ARM.Build.0 = Release|Any CPU
		{89AFDF2A-1037-420A-B968-FD2BC53F0B52}.Ad-Hoc|iPhone.ActiveCfg = Release|Any CPU
		{89AFDF2A-1037-420A-B968-FD2BC53F0B52}.Ad-Hoc|iPhone.Build.0 = Release|Any CPU
		{89AFDF2A-1037-420A-B968-FD2BC53F0B52}.Ad-Hoc|iPhoneSimulator.ActiveCfg = Release|Any CPU
		{89AFDF2A-1037-420A-B968-FD2BC53F0B52}.Ad-Hoc|iPhoneSimulator.Build.0 = Release|Any CPU
		{89AFDF2A-1037-420A-B968-FD2BC53F0B52}.Ad-Hoc|x64.ActiveCfg = Release|Any CPU
		{89AFDF2A-1037-420A-B968-FD2BC53F0B52}.Ad-Hoc|x64.Build.0 = Release|Any CPU
		{89AFDF2A-1037-420A-B968-FD2BC53F0B52}.Ad-Hoc|x86.ActiveCfg = Release|Any CPU
		{89AFDF2A-1037-420A-B968-FD2BC53F0B52}.Ad-Hoc|x86.Build.0 = Release|Any CPU
		{89AFDF2A-1037-420A-B968-FD2BC53F0B52}.AppStore|Any CPU.ActiveCfg = Release|Any CPU
		{89AFDF2A-1037-420A-B968-FD2BC53F0B52}.AppStore|Any CPU.Build.0 = Release|Any CPU
		{89AFDF2A-1037-420A-B968-FD2BC53F0B52}.AppStore|ARM.ActiveCfg = Release|Any CPU
		{89AFDF2A-1037-420A-B968-FD2BC53F0B52}.AppStore|ARM.Build.0 = Release|Any CPU
		{89AFDF2A-1037-420A-B968-FD2BC53F0B52}.AppStore|iPhone.ActiveCfg = Release|Any CPU
		{89AFDF2A-1037-420A-B968-FD2BC53F0B52}.AppStore|iPhone.Build.0 = Release|Any CPU
		{89AFDF2A-1037-420A-B968-FD2BC53F0B52}.AppStore|iPhoneSimulator.ActiveCfg = Release|Any CPU
		{89AFDF2A-1037-420A-B968-FD2BC53F0B52}.AppStore|iPhoneSimulator.Build.0 = Release|Any CPU
		{89AFDF2A-1037-420A-B968-FD2BC53F0B52}.AppStore|x64.ActiveCfg = Release|Any CPU
		{89AFDF2A-1037-420A-B968-FD2BC53F0B52}.AppStore|x64.Build.0 = Release|Any CPU
		{89AFDF2A-1037-420A-B968-FD2BC53F0B52}.AppStore|x86.ActiveCfg = Release|Any CPU
		{89AFDF2A-1037-420A-B968-FD2BC53F0B52}.AppStore|x86.Build.0 = Release|Any CPU
		{89AFDF2A-1037-420A-B968-FD2BC53F0B52}.Debug|Any CPU.ActiveCfg = Debug|Any CPU
		{89AFDF2A-1037-420A-B968-FD2BC53F0B52}.Debug|Any CPU.Build.0 = Debug|Any CPU
		{89AFDF2A-1037-420A-B968-FD2BC53F0B52}.Debug|ARM.ActiveCfg = Debug|Any CPU
		{89AFDF2A-1037-420A-B968-FD2BC53F0B52}.Debug|ARM.Build.0 = Debug|Any CPU
		{89AFDF2A-1037-420A-B968-FD2BC53F0B52}.Debug|iPhone.ActiveCfg = Debug|Any CPU
		{89AFDF2A-1037-420A-B968-FD2BC53F0B52}.Debug|iPhone.Build.0 = Debug|Any CPU
		{89AFDF2A-1037-420A-B968-FD2BC53F0B52}.Debug|iPhoneSimulator.ActiveCfg = Debug|Any CPU
		{89AFDF2A-1037-420A-B968-FD2BC53F0B52}.Debug|iPhoneSimulator.Build.0 = Debug|Any CPU
		{89AFDF2A-1037-420A-B968-FD2BC53F0B52}.Debug|x64.ActiveCfg = Debug|Any CPU
		{89AFDF2A-1037-420A-B968-FD2BC53F0B52}.Debug|x64.Build.0 = Debug|Any CPU
		{89AFDF2A-1037-420A-B968-FD2BC53F0B52}.Debug|x86.ActiveCfg = Debug|Any CPU
		{89AFDF2A-1037-420A-B968-FD2BC53F0B52}.Debug|x86.Build.0 = Debug|Any CPU
		{89AFDF2A-1037-420A-B968-FD2BC53F0B52}.Release|Any CPU.ActiveCfg = Release|Any CPU
		{89AFDF2A-1037-420A-B968-FD2BC53F0B52}.Release|Any CPU.Build.0 = Release|Any CPU
		{89AFDF2A-1037-420A-B968-FD2BC53F0B52}.Release|ARM.ActiveCfg = Release|Any CPU
		{89AFDF2A-1037-420A-B968-FD2BC53F0B52}.Release|ARM.Build.0 = Release|Any CPU
		{89AFDF2A-1037-420A-B968-FD2BC53F0B52}.Release|iPhone.ActiveCfg = Release|Any CPU
		{89AFDF2A-1037-420A-B968-FD2BC53F0B52}.Release|iPhone.Build.0 = Release|Any CPU
		{89AFDF2A-1037-420A-B968-FD2BC53F0B52}.Release|iPhoneSimulator.ActiveCfg = Release|Any CPU
		{89AFDF2A-1037-420A-B968-FD2BC53F0B52}.Release|iPhoneSimulator.Build.0 = Release|Any CPU
		{89AFDF2A-1037-420A-B968-FD2BC53F0B52}.Release|x64.ActiveCfg = Release|Any CPU
		{89AFDF2A-1037-420A-B968-FD2BC53F0B52}.Release|x64.Build.0 = Release|Any CPU
		{89AFDF2A-1037-420A-B968-FD2BC53F0B52}.Release|x86.ActiveCfg = Release|Any CPU
		{89AFDF2A-1037-420A-B968-FD2BC53F0B52}.Release|x86.Build.0 = Release|Any CPU
		{B691408F-0758-4909-9BB2-D93D13B32550}.Ad-Hoc|Any CPU.ActiveCfg = Release|Any CPU
		{B691408F-0758-4909-9BB2-D93D13B32550}.Ad-Hoc|Any CPU.Build.0 = Release|Any CPU
		{B691408F-0758-4909-9BB2-D93D13B32550}.Ad-Hoc|ARM.ActiveCfg = Release|Any CPU
		{B691408F-0758-4909-9BB2-D93D13B32550}.Ad-Hoc|ARM.Build.0 = Release|Any CPU
		{B691408F-0758-4909-9BB2-D93D13B32550}.Ad-Hoc|iPhone.ActiveCfg = Release|Any CPU
		{B691408F-0758-4909-9BB2-D93D13B32550}.Ad-Hoc|iPhone.Build.0 = Release|Any CPU
		{B691408F-0758-4909-9BB2-D93D13B32550}.Ad-Hoc|iPhoneSimulator.ActiveCfg = Release|Any CPU
		{B691408F-0758-4909-9BB2-D93D13B32550}.Ad-Hoc|iPhoneSimulator.Build.0 = Release|Any CPU
		{B691408F-0758-4909-9BB2-D93D13B32550}.Ad-Hoc|x64.ActiveCfg = Release|Any CPU
		{B691408F-0758-4909-9BB2-D93D13B32550}.Ad-Hoc|x64.Build.0 = Release|Any CPU
		{B691408F-0758-4909-9BB2-D93D13B32550}.Ad-Hoc|x86.ActiveCfg = Release|Any CPU
		{B691408F-0758-4909-9BB2-D93D13B32550}.Ad-Hoc|x86.Build.0 = Release|Any CPU
		{B691408F-0758-4909-9BB2-D93D13B32550}.AppStore|Any CPU.ActiveCfg = Release|Any CPU
		{B691408F-0758-4909-9BB2-D93D13B32550}.AppStore|Any CPU.Build.0 = Release|Any CPU
		{B691408F-0758-4909-9BB2-D93D13B32550}.AppStore|ARM.ActiveCfg = Release|Any CPU
		{B691408F-0758-4909-9BB2-D93D13B32550}.AppStore|ARM.Build.0 = Release|Any CPU
		{B691408F-0758-4909-9BB2-D93D13B32550}.AppStore|iPhone.ActiveCfg = Release|Any CPU
		{B691408F-0758-4909-9BB2-D93D13B32550}.AppStore|iPhone.Build.0 = Release|Any CPU
		{B691408F-0758-4909-9BB2-D93D13B32550}.AppStore|iPhoneSimulator.ActiveCfg = Release|Any CPU
		{B691408F-0758-4909-9BB2-D93D13B32550}.AppStore|iPhoneSimulator.Build.0 = Release|Any CPU
		{B691408F-0758-4909-9BB2-D93D13B32550}.AppStore|x64.ActiveCfg = Release|Any CPU
		{B691408F-0758-4909-9BB2-D93D13B32550}.AppStore|x64.Build.0 = Release|Any CPU
		{B691408F-0758-4909-9BB2-D93D13B32550}.AppStore|x86.ActiveCfg = Release|Any CPU
		{B691408F-0758-4909-9BB2-D93D13B32550}.AppStore|x86.Build.0 = Release|Any CPU
		{B691408F-0758-4909-9BB2-D93D13B32550}.Debug|Any CPU.ActiveCfg = Debug|Any CPU
		{B691408F-0758-4909-9BB2-D93D13B32550}.Debug|Any CPU.Build.0 = Debug|Any CPU
		{B691408F-0758-4909-9BB2-D93D13B32550}.Debug|ARM.ActiveCfg = Debug|Any CPU
		{B691408F-0758-4909-9BB2-D93D13B32550}.Debug|ARM.Build.0 = Debug|Any CPU
		{B691408F-0758-4909-9BB2-D93D13B32550}.Debug|iPhone.ActiveCfg = Debug|Any CPU
		{B691408F-0758-4909-9BB2-D93D13B32550}.Debug|iPhone.Build.0 = Debug|Any CPU
		{B691408F-0758-4909-9BB2-D93D13B32550}.Debug|iPhoneSimulator.ActiveCfg = Debug|Any CPU
		{B691408F-0758-4909-9BB2-D93D13B32550}.Debug|iPhoneSimulator.Build.0 = Debug|Any CPU
		{B691408F-0758-4909-9BB2-D93D13B32550}.Debug|x64.ActiveCfg = Debug|Any CPU
		{B691408F-0758-4909-9BB2-D93D13B32550}.Debug|x64.Build.0 = Debug|Any CPU
		{B691408F-0758-4909-9BB2-D93D13B32550}.Debug|x86.ActiveCfg = Debug|Any CPU
		{B691408F-0758-4909-9BB2-D93D13B32550}.Debug|x86.Build.0 = Debug|Any CPU
		{B691408F-0758-4909-9BB2-D93D13B32550}.Release|Any CPU.ActiveCfg = Release|Any CPU
		{B691408F-0758-4909-9BB2-D93D13B32550}.Release|Any CPU.Build.0 = Release|Any CPU
		{B691408F-0758-4909-9BB2-D93D13B32550}.Release|ARM.ActiveCfg = Release|Any CPU
		{B691408F-0758-4909-9BB2-D93D13B32550}.Release|ARM.Build.0 = Release|Any CPU
		{B691408F-0758-4909-9BB2-D93D13B32550}.Release|iPhone.ActiveCfg = Release|Any CPU
		{B691408F-0758-4909-9BB2-D93D13B32550}.Release|iPhone.Build.0 = Release|Any CPU
		{B691408F-0758-4909-9BB2-D93D13B32550}.Release|iPhoneSimulator.ActiveCfg = Release|Any CPU
		{B691408F-0758-4909-9BB2-D93D13B32550}.Release|iPhoneSimulator.Build.0 = Release|Any CPU
		{B691408F-0758-4909-9BB2-D93D13B32550}.Release|x64.ActiveCfg = Release|Any CPU
		{B691408F-0758-4909-9BB2-D93D13B32550}.Release|x64.Build.0 = Release|Any CPU
		{B691408F-0758-4909-9BB2-D93D13B32550}.Release|x86.ActiveCfg = Release|Any CPU
		{B691408F-0758-4909-9BB2-D93D13B32550}.Release|x86.Build.0 = Release|Any CPU
		{93A7ED0A-673B-4210-BB99-F3E7B348D9C5}.Ad-Hoc|Any CPU.ActiveCfg = Release|Any CPU
		{93A7ED0A-673B-4210-BB99-F3E7B348D9C5}.Ad-Hoc|Any CPU.Build.0 = Release|Any CPU
		{93A7ED0A-673B-4210-BB99-F3E7B348D9C5}.Ad-Hoc|Any CPU.Deploy.0 = Release|Any CPU
		{93A7ED0A-673B-4210-BB99-F3E7B348D9C5}.Ad-Hoc|ARM.ActiveCfg = Release|Any CPU
		{93A7ED0A-673B-4210-BB99-F3E7B348D9C5}.Ad-Hoc|ARM.Build.0 = Release|Any CPU
		{93A7ED0A-673B-4210-BB99-F3E7B348D9C5}.Ad-Hoc|ARM.Deploy.0 = Release|Any CPU
		{93A7ED0A-673B-4210-BB99-F3E7B348D9C5}.Ad-Hoc|iPhone.ActiveCfg = Release|Any CPU
		{93A7ED0A-673B-4210-BB99-F3E7B348D9C5}.Ad-Hoc|iPhone.Build.0 = Release|Any CPU
		{93A7ED0A-673B-4210-BB99-F3E7B348D9C5}.Ad-Hoc|iPhone.Deploy.0 = Release|Any CPU
		{93A7ED0A-673B-4210-BB99-F3E7B348D9C5}.Ad-Hoc|iPhoneSimulator.ActiveCfg = Release|Any CPU
		{93A7ED0A-673B-4210-BB99-F3E7B348D9C5}.Ad-Hoc|iPhoneSimulator.Build.0 = Release|Any CPU
		{93A7ED0A-673B-4210-BB99-F3E7B348D9C5}.Ad-Hoc|iPhoneSimulator.Deploy.0 = Release|Any CPU
		{93A7ED0A-673B-4210-BB99-F3E7B348D9C5}.Ad-Hoc|x64.ActiveCfg = Release|Any CPU
		{93A7ED0A-673B-4210-BB99-F3E7B348D9C5}.Ad-Hoc|x64.Build.0 = Release|Any CPU
		{93A7ED0A-673B-4210-BB99-F3E7B348D9C5}.Ad-Hoc|x64.Deploy.0 = Release|Any CPU
		{93A7ED0A-673B-4210-BB99-F3E7B348D9C5}.Ad-Hoc|x86.ActiveCfg = Release|Any CPU
		{93A7ED0A-673B-4210-BB99-F3E7B348D9C5}.Ad-Hoc|x86.Build.0 = Release|Any CPU
		{93A7ED0A-673B-4210-BB99-F3E7B348D9C5}.Ad-Hoc|x86.Deploy.0 = Release|Any CPU
		{93A7ED0A-673B-4210-BB99-F3E7B348D9C5}.AppStore|Any CPU.ActiveCfg = Release|Any CPU
		{93A7ED0A-673B-4210-BB99-F3E7B348D9C5}.AppStore|Any CPU.Build.0 = Release|Any CPU
		{93A7ED0A-673B-4210-BB99-F3E7B348D9C5}.AppStore|Any CPU.Deploy.0 = Release|Any CPU
		{93A7ED0A-673B-4210-BB99-F3E7B348D9C5}.AppStore|ARM.ActiveCfg = Release|Any CPU
		{93A7ED0A-673B-4210-BB99-F3E7B348D9C5}.AppStore|ARM.Build.0 = Release|Any CPU
		{93A7ED0A-673B-4210-BB99-F3E7B348D9C5}.AppStore|ARM.Deploy.0 = Release|Any CPU
		{93A7ED0A-673B-4210-BB99-F3E7B348D9C5}.AppStore|iPhone.ActiveCfg = Release|Any CPU
		{93A7ED0A-673B-4210-BB99-F3E7B348D9C5}.AppStore|iPhone.Build.0 = Release|Any CPU
		{93A7ED0A-673B-4210-BB99-F3E7B348D9C5}.AppStore|iPhone.Deploy.0 = Release|Any CPU
		{93A7ED0A-673B-4210-BB99-F3E7B348D9C5}.AppStore|iPhoneSimulator.ActiveCfg = Release|Any CPU
		{93A7ED0A-673B-4210-BB99-F3E7B348D9C5}.AppStore|iPhoneSimulator.Build.0 = Release|Any CPU
		{93A7ED0A-673B-4210-BB99-F3E7B348D9C5}.AppStore|iPhoneSimulator.Deploy.0 = Release|Any CPU
		{93A7ED0A-673B-4210-BB99-F3E7B348D9C5}.AppStore|x64.ActiveCfg = Release|Any CPU
		{93A7ED0A-673B-4210-BB99-F3E7B348D9C5}.AppStore|x64.Build.0 = Release|Any CPU
		{93A7ED0A-673B-4210-BB99-F3E7B348D9C5}.AppStore|x64.Deploy.0 = Release|Any CPU
		{93A7ED0A-673B-4210-BB99-F3E7B348D9C5}.AppStore|x86.ActiveCfg = Release|Any CPU
		{93A7ED0A-673B-4210-BB99-F3E7B348D9C5}.AppStore|x86.Build.0 = Release|Any CPU
		{93A7ED0A-673B-4210-BB99-F3E7B348D9C5}.AppStore|x86.Deploy.0 = Release|Any CPU
		{93A7ED0A-673B-4210-BB99-F3E7B348D9C5}.Debug|Any CPU.ActiveCfg = Debug|Any CPU
		{93A7ED0A-673B-4210-BB99-F3E7B348D9C5}.Debug|Any CPU.Build.0 = Debug|Any CPU
		{93A7ED0A-673B-4210-BB99-F3E7B348D9C5}.Debug|Any CPU.Deploy.0 = Debug|Any CPU
		{93A7ED0A-673B-4210-BB99-F3E7B348D9C5}.Debug|ARM.ActiveCfg = Debug|Any CPU
		{93A7ED0A-673B-4210-BB99-F3E7B348D9C5}.Debug|ARM.Build.0 = Debug|Any CPU
		{93A7ED0A-673B-4210-BB99-F3E7B348D9C5}.Debug|ARM.Deploy.0 = Debug|Any CPU
		{93A7ED0A-673B-4210-BB99-F3E7B348D9C5}.Debug|iPhone.ActiveCfg = Debug|Any CPU
		{93A7ED0A-673B-4210-BB99-F3E7B348D9C5}.Debug|iPhone.Build.0 = Debug|Any CPU
		{93A7ED0A-673B-4210-BB99-F3E7B348D9C5}.Debug|iPhone.Deploy.0 = Debug|Any CPU
		{93A7ED0A-673B-4210-BB99-F3E7B348D9C5}.Debug|iPhoneSimulator.ActiveCfg = Debug|Any CPU
		{93A7ED0A-673B-4210-BB99-F3E7B348D9C5}.Debug|iPhoneSimulator.Build.0 = Debug|Any CPU
		{93A7ED0A-673B-4210-BB99-F3E7B348D9C5}.Debug|iPhoneSimulator.Deploy.0 = Debug|Any CPU
		{93A7ED0A-673B-4210-BB99-F3E7B348D9C5}.Debug|x64.ActiveCfg = Debug|Any CPU
		{93A7ED0A-673B-4210-BB99-F3E7B348D9C5}.Debug|x64.Build.0 = Debug|Any CPU
		{93A7ED0A-673B-4210-BB99-F3E7B348D9C5}.Debug|x64.Deploy.0 = Debug|Any CPU
		{93A7ED0A-673B-4210-BB99-F3E7B348D9C5}.Debug|x86.ActiveCfg = Debug|Any CPU
		{93A7ED0A-673B-4210-BB99-F3E7B348D9C5}.Debug|x86.Build.0 = Debug|Any CPU
		{93A7ED0A-673B-4210-BB99-F3E7B348D9C5}.Debug|x86.Deploy.0 = Debug|Any CPU
		{93A7ED0A-673B-4210-BB99-F3E7B348D9C5}.Release|Any CPU.ActiveCfg = Release|Any CPU
		{93A7ED0A-673B-4210-BB99-F3E7B348D9C5}.Release|Any CPU.Build.0 = Release|Any CPU
		{93A7ED0A-673B-4210-BB99-F3E7B348D9C5}.Release|Any CPU.Deploy.0 = Release|Any CPU
		{93A7ED0A-673B-4210-BB99-F3E7B348D9C5}.Release|ARM.ActiveCfg = Release|Any CPU
		{93A7ED0A-673B-4210-BB99-F3E7B348D9C5}.Release|ARM.Build.0 = Release|Any CPU
		{93A7ED0A-673B-4210-BB99-F3E7B348D9C5}.Release|ARM.Deploy.0 = Release|Any CPU
		{93A7ED0A-673B-4210-BB99-F3E7B348D9C5}.Release|iPhone.ActiveCfg = Release|Any CPU
		{93A7ED0A-673B-4210-BB99-F3E7B348D9C5}.Release|iPhone.Build.0 = Release|Any CPU
		{93A7ED0A-673B-4210-BB99-F3E7B348D9C5}.Release|iPhone.Deploy.0 = Release|Any CPU
		{93A7ED0A-673B-4210-BB99-F3E7B348D9C5}.Release|iPhoneSimulator.ActiveCfg = Release|Any CPU
		{93A7ED0A-673B-4210-BB99-F3E7B348D9C5}.Release|iPhoneSimulator.Build.0 = Release|Any CPU
		{93A7ED0A-673B-4210-BB99-F3E7B348D9C5}.Release|iPhoneSimulator.Deploy.0 = Release|Any CPU
		{93A7ED0A-673B-4210-BB99-F3E7B348D9C5}.Release|x64.ActiveCfg = Release|Any CPU
		{93A7ED0A-673B-4210-BB99-F3E7B348D9C5}.Release|x64.Build.0 = Release|Any CPU
		{93A7ED0A-673B-4210-BB99-F3E7B348D9C5}.Release|x64.Deploy.0 = Release|Any CPU
		{93A7ED0A-673B-4210-BB99-F3E7B348D9C5}.Release|x86.ActiveCfg = Release|Any CPU
		{93A7ED0A-673B-4210-BB99-F3E7B348D9C5}.Release|x86.Build.0 = Release|Any CPU
		{93A7ED0A-673B-4210-BB99-F3E7B348D9C5}.Release|x86.Deploy.0 = Release|Any CPU
		{3B9C21B2-345D-4E51-936E-94CBC57911CC}.Ad-Hoc|Any CPU.ActiveCfg = Ad-Hoc|iPhone
		{3B9C21B2-345D-4E51-936E-94CBC57911CC}.Ad-Hoc|ARM.ActiveCfg = Ad-Hoc|iPhone
		{3B9C21B2-345D-4E51-936E-94CBC57911CC}.Ad-Hoc|iPhone.ActiveCfg = Ad-Hoc|iPhone
		{3B9C21B2-345D-4E51-936E-94CBC57911CC}.Ad-Hoc|iPhone.Build.0 = Ad-Hoc|iPhone
		{3B9C21B2-345D-4E51-936E-94CBC57911CC}.Ad-Hoc|iPhoneSimulator.ActiveCfg = Ad-Hoc|iPhoneSimulator
		{3B9C21B2-345D-4E51-936E-94CBC57911CC}.Ad-Hoc|iPhoneSimulator.Build.0 = Ad-Hoc|iPhoneSimulator
		{3B9C21B2-345D-4E51-936E-94CBC57911CC}.Ad-Hoc|x64.ActiveCfg = Ad-Hoc|iPhone
		{3B9C21B2-345D-4E51-936E-94CBC57911CC}.Ad-Hoc|x86.ActiveCfg = Ad-Hoc|iPhone
		{3B9C21B2-345D-4E51-936E-94CBC57911CC}.AppStore|Any CPU.ActiveCfg = AppStore|iPhone
		{3B9C21B2-345D-4E51-936E-94CBC57911CC}.AppStore|ARM.ActiveCfg = AppStore|iPhone
		{3B9C21B2-345D-4E51-936E-94CBC57911CC}.AppStore|iPhone.ActiveCfg = AppStore|iPhone
		{3B9C21B2-345D-4E51-936E-94CBC57911CC}.AppStore|iPhone.Build.0 = AppStore|iPhone
		{3B9C21B2-345D-4E51-936E-94CBC57911CC}.AppStore|iPhoneSimulator.ActiveCfg = AppStore|iPhoneSimulator
		{3B9C21B2-345D-4E51-936E-94CBC57911CC}.AppStore|iPhoneSimulator.Build.0 = AppStore|iPhoneSimulator
		{3B9C21B2-345D-4E51-936E-94CBC57911CC}.AppStore|x64.ActiveCfg = AppStore|iPhone
		{3B9C21B2-345D-4E51-936E-94CBC57911CC}.AppStore|x86.ActiveCfg = AppStore|iPhone
		{3B9C21B2-345D-4E51-936E-94CBC57911CC}.Debug|Any CPU.ActiveCfg = Debug|iPhone
		{3B9C21B2-345D-4E51-936E-94CBC57911CC}.Debug|ARM.ActiveCfg = Debug|iPhone
		{3B9C21B2-345D-4E51-936E-94CBC57911CC}.Debug|iPhone.ActiveCfg = Debug|iPhone
		{3B9C21B2-345D-4E51-936E-94CBC57911CC}.Debug|iPhone.Build.0 = Debug|iPhone
		{3B9C21B2-345D-4E51-936E-94CBC57911CC}.Debug|iPhoneSimulator.ActiveCfg = Debug|iPhoneSimulator
		{3B9C21B2-345D-4E51-936E-94CBC57911CC}.Debug|iPhoneSimulator.Build.0 = Debug|iPhoneSimulator
		{3B9C21B2-345D-4E51-936E-94CBC57911CC}.Debug|x64.ActiveCfg = Debug|iPhone
		{3B9C21B2-345D-4E51-936E-94CBC57911CC}.Debug|x86.ActiveCfg = Debug|iPhone
		{3B9C21B2-345D-4E51-936E-94CBC57911CC}.Release|Any CPU.ActiveCfg = Release|iPhone
		{3B9C21B2-345D-4E51-936E-94CBC57911CC}.Release|ARM.ActiveCfg = Release|iPhone
		{3B9C21B2-345D-4E51-936E-94CBC57911CC}.Release|iPhone.ActiveCfg = Release|iPhone
		{3B9C21B2-345D-4E51-936E-94CBC57911CC}.Release|iPhone.Build.0 = Release|iPhone
		{3B9C21B2-345D-4E51-936E-94CBC57911CC}.Release|iPhoneSimulator.ActiveCfg = Release|iPhoneSimulator
		{3B9C21B2-345D-4E51-936E-94CBC57911CC}.Release|iPhoneSimulator.Build.0 = Release|iPhoneSimulator
		{3B9C21B2-345D-4E51-936E-94CBC57911CC}.Release|x64.ActiveCfg = Release|iPhone
		{3B9C21B2-345D-4E51-936E-94CBC57911CC}.Release|x86.ActiveCfg = Release|iPhone
		{08F4CA1E-CE3A-4BCF-97B0-56B5E492BB5C}.Ad-Hoc|Any CPU.ActiveCfg = Release|x86
		{08F4CA1E-CE3A-4BCF-97B0-56B5E492BB5C}.Ad-Hoc|Any CPU.Build.0 = Release|x86
		{08F4CA1E-CE3A-4BCF-97B0-56B5E492BB5C}.Ad-Hoc|Any CPU.Deploy.0 = Release|x86
		{08F4CA1E-CE3A-4BCF-97B0-56B5E492BB5C}.Ad-Hoc|ARM.ActiveCfg = Release|ARM
		{08F4CA1E-CE3A-4BCF-97B0-56B5E492BB5C}.Ad-Hoc|ARM.Build.0 = Release|ARM
		{08F4CA1E-CE3A-4BCF-97B0-56B5E492BB5C}.Ad-Hoc|ARM.Deploy.0 = Release|ARM
		{08F4CA1E-CE3A-4BCF-97B0-56B5E492BB5C}.Ad-Hoc|iPhone.ActiveCfg = Release|x86
		{08F4CA1E-CE3A-4BCF-97B0-56B5E492BB5C}.Ad-Hoc|iPhone.Build.0 = Release|x86
		{08F4CA1E-CE3A-4BCF-97B0-56B5E492BB5C}.Ad-Hoc|iPhone.Deploy.0 = Release|x86
		{08F4CA1E-CE3A-4BCF-97B0-56B5E492BB5C}.Ad-Hoc|iPhoneSimulator.ActiveCfg = Release|x86
		{08F4CA1E-CE3A-4BCF-97B0-56B5E492BB5C}.Ad-Hoc|iPhoneSimulator.Build.0 = Release|x86
		{08F4CA1E-CE3A-4BCF-97B0-56B5E492BB5C}.Ad-Hoc|iPhoneSimulator.Deploy.0 = Release|x86
		{08F4CA1E-CE3A-4BCF-97B0-56B5E492BB5C}.Ad-Hoc|x64.ActiveCfg = Release|x64
		{08F4CA1E-CE3A-4BCF-97B0-56B5E492BB5C}.Ad-Hoc|x64.Build.0 = Release|x64
		{08F4CA1E-CE3A-4BCF-97B0-56B5E492BB5C}.Ad-Hoc|x64.Deploy.0 = Release|x64
		{08F4CA1E-CE3A-4BCF-97B0-56B5E492BB5C}.Ad-Hoc|x86.ActiveCfg = Release|x86
		{08F4CA1E-CE3A-4BCF-97B0-56B5E492BB5C}.Ad-Hoc|x86.Build.0 = Release|x86
		{08F4CA1E-CE3A-4BCF-97B0-56B5E492BB5C}.Ad-Hoc|x86.Deploy.0 = Release|x86
		{08F4CA1E-CE3A-4BCF-97B0-56B5E492BB5C}.AppStore|Any CPU.ActiveCfg = Release|x86
		{08F4CA1E-CE3A-4BCF-97B0-56B5E492BB5C}.AppStore|Any CPU.Build.0 = Release|x86
		{08F4CA1E-CE3A-4BCF-97B0-56B5E492BB5C}.AppStore|Any CPU.Deploy.0 = Release|x86
		{08F4CA1E-CE3A-4BCF-97B0-56B5E492BB5C}.AppStore|ARM.ActiveCfg = Release|ARM
		{08F4CA1E-CE3A-4BCF-97B0-56B5E492BB5C}.AppStore|ARM.Build.0 = Release|ARM
		{08F4CA1E-CE3A-4BCF-97B0-56B5E492BB5C}.AppStore|ARM.Deploy.0 = Release|ARM
		{08F4CA1E-CE3A-4BCF-97B0-56B5E492BB5C}.AppStore|iPhone.ActiveCfg = Release|x86
		{08F4CA1E-CE3A-4BCF-97B0-56B5E492BB5C}.AppStore|iPhone.Build.0 = Release|x86
		{08F4CA1E-CE3A-4BCF-97B0-56B5E492BB5C}.AppStore|iPhone.Deploy.0 = Release|x86
		{08F4CA1E-CE3A-4BCF-97B0-56B5E492BB5C}.AppStore|iPhoneSimulator.ActiveCfg = Release|x86
		{08F4CA1E-CE3A-4BCF-97B0-56B5E492BB5C}.AppStore|iPhoneSimulator.Build.0 = Release|x86
		{08F4CA1E-CE3A-4BCF-97B0-56B5E492BB5C}.AppStore|iPhoneSimulator.Deploy.0 = Release|x86
		{08F4CA1E-CE3A-4BCF-97B0-56B5E492BB5C}.AppStore|x64.ActiveCfg = Release|x64
		{08F4CA1E-CE3A-4BCF-97B0-56B5E492BB5C}.AppStore|x64.Build.0 = Release|x64
		{08F4CA1E-CE3A-4BCF-97B0-56B5E492BB5C}.AppStore|x64.Deploy.0 = Release|x64
		{08F4CA1E-CE3A-4BCF-97B0-56B5E492BB5C}.AppStore|x86.ActiveCfg = Release|x86
		{08F4CA1E-CE3A-4BCF-97B0-56B5E492BB5C}.AppStore|x86.Build.0 = Release|x86
		{08F4CA1E-CE3A-4BCF-97B0-56B5E492BB5C}.AppStore|x86.Deploy.0 = Release|x86
		{08F4CA1E-CE3A-4BCF-97B0-56B5E492BB5C}.Debug|Any CPU.ActiveCfg = Debug|x86
		{08F4CA1E-CE3A-4BCF-97B0-56B5E492BB5C}.Debug|ARM.ActiveCfg = Debug|ARM
		{08F4CA1E-CE3A-4BCF-97B0-56B5E492BB5C}.Debug|ARM.Build.0 = Debug|ARM
		{08F4CA1E-CE3A-4BCF-97B0-56B5E492BB5C}.Debug|ARM.Deploy.0 = Debug|ARM
		{08F4CA1E-CE3A-4BCF-97B0-56B5E492BB5C}.Debug|iPhone.ActiveCfg = Debug|x86
		{08F4CA1E-CE3A-4BCF-97B0-56B5E492BB5C}.Debug|iPhoneSimulator.ActiveCfg = Debug|x86
		{08F4CA1E-CE3A-4BCF-97B0-56B5E492BB5C}.Debug|x64.ActiveCfg = Debug|x64
		{08F4CA1E-CE3A-4BCF-97B0-56B5E492BB5C}.Debug|x64.Build.0 = Debug|x64
		{08F4CA1E-CE3A-4BCF-97B0-56B5E492BB5C}.Debug|x64.Deploy.0 = Debug|x64
		{08F4CA1E-CE3A-4BCF-97B0-56B5E492BB5C}.Debug|x86.ActiveCfg = Debug|x86
		{08F4CA1E-CE3A-4BCF-97B0-56B5E492BB5C}.Debug|x86.Build.0 = Debug|x86
		{08F4CA1E-CE3A-4BCF-97B0-56B5E492BB5C}.Debug|x86.Deploy.0 = Debug|x86
		{08F4CA1E-CE3A-4BCF-97B0-56B5E492BB5C}.Release|Any CPU.ActiveCfg = Release|x86
		{08F4CA1E-CE3A-4BCF-97B0-56B5E492BB5C}.Release|ARM.ActiveCfg = Release|ARM
		{08F4CA1E-CE3A-4BCF-97B0-56B5E492BB5C}.Release|ARM.Build.0 = Release|ARM
		{08F4CA1E-CE3A-4BCF-97B0-56B5E492BB5C}.Release|ARM.Deploy.0 = Release|ARM
		{08F4CA1E-CE3A-4BCF-97B0-56B5E492BB5C}.Release|iPhone.ActiveCfg = Release|x86
		{08F4CA1E-CE3A-4BCF-97B0-56B5E492BB5C}.Release|iPhoneSimulator.ActiveCfg = Release|x86
		{08F4CA1E-CE3A-4BCF-97B0-56B5E492BB5C}.Release|x64.ActiveCfg = Release|x64
		{08F4CA1E-CE3A-4BCF-97B0-56B5E492BB5C}.Release|x64.Build.0 = Release|x64
		{08F4CA1E-CE3A-4BCF-97B0-56B5E492BB5C}.Release|x64.Deploy.0 = Release|x64
		{08F4CA1E-CE3A-4BCF-97B0-56B5E492BB5C}.Release|x86.ActiveCfg = Release|x86
		{08F4CA1E-CE3A-4BCF-97B0-56B5E492BB5C}.Release|x86.Build.0 = Release|x86
		{08F4CA1E-CE3A-4BCF-97B0-56B5E492BB5C}.Release|x86.Deploy.0 = Release|x86
		{F250D305-BC57-4729-A8D6-F598732774DC}.Ad-Hoc|Any CPU.ActiveCfg = Debug|Any CPU
		{F250D305-BC57-4729-A8D6-F598732774DC}.Ad-Hoc|Any CPU.Build.0 = Debug|Any CPU
		{F250D305-BC57-4729-A8D6-F598732774DC}.Ad-Hoc|ARM.ActiveCfg = Debug|Any CPU
		{F250D305-BC57-4729-A8D6-F598732774DC}.Ad-Hoc|ARM.Build.0 = Debug|Any CPU
		{F250D305-BC57-4729-A8D6-F598732774DC}.Ad-Hoc|iPhone.ActiveCfg = Debug|Any CPU
		{F250D305-BC57-4729-A8D6-F598732774DC}.Ad-Hoc|iPhone.Build.0 = Debug|Any CPU
		{F250D305-BC57-4729-A8D6-F598732774DC}.Ad-Hoc|iPhoneSimulator.ActiveCfg = Debug|Any CPU
		{F250D305-BC57-4729-A8D6-F598732774DC}.Ad-Hoc|iPhoneSimulator.Build.0 = Debug|Any CPU
		{F250D305-BC57-4729-A8D6-F598732774DC}.Ad-Hoc|x64.ActiveCfg = Debug|Any CPU
		{F250D305-BC57-4729-A8D6-F598732774DC}.Ad-Hoc|x64.Build.0 = Debug|Any CPU
		{F250D305-BC57-4729-A8D6-F598732774DC}.Ad-Hoc|x86.ActiveCfg = Debug|Any CPU
		{F250D305-BC57-4729-A8D6-F598732774DC}.Ad-Hoc|x86.Build.0 = Debug|Any CPU
		{F250D305-BC57-4729-A8D6-F598732774DC}.AppStore|Any CPU.ActiveCfg = Debug|Any CPU
		{F250D305-BC57-4729-A8D6-F598732774DC}.AppStore|Any CPU.Build.0 = Debug|Any CPU
		{F250D305-BC57-4729-A8D6-F598732774DC}.AppStore|ARM.ActiveCfg = Debug|Any CPU
		{F250D305-BC57-4729-A8D6-F598732774DC}.AppStore|ARM.Build.0 = Debug|Any CPU
		{F250D305-BC57-4729-A8D6-F598732774DC}.AppStore|iPhone.ActiveCfg = Debug|Any CPU
		{F250D305-BC57-4729-A8D6-F598732774DC}.AppStore|iPhone.Build.0 = Debug|Any CPU
		{F250D305-BC57-4729-A8D6-F598732774DC}.AppStore|iPhoneSimulator.ActiveCfg = Debug|Any CPU
		{F250D305-BC57-4729-A8D6-F598732774DC}.AppStore|iPhoneSimulator.Build.0 = Debug|Any CPU
		{F250D305-BC57-4729-A8D6-F598732774DC}.AppStore|x64.ActiveCfg = Debug|Any CPU
		{F250D305-BC57-4729-A8D6-F598732774DC}.AppStore|x64.Build.0 = Debug|Any CPU
		{F250D305-BC57-4729-A8D6-F598732774DC}.AppStore|x86.ActiveCfg = Debug|Any CPU
		{F250D305-BC57-4729-A8D6-F598732774DC}.AppStore|x86.Build.0 = Debug|Any CPU
		{F250D305-BC57-4729-A8D6-F598732774DC}.Debug|Any CPU.ActiveCfg = Debug|Any CPU
		{F250D305-BC57-4729-A8D6-F598732774DC}.Debug|Any CPU.Build.0 = Debug|Any CPU
		{F250D305-BC57-4729-A8D6-F598732774DC}.Debug|ARM.ActiveCfg = Debug|Any CPU
		{F250D305-BC57-4729-A8D6-F598732774DC}.Debug|ARM.Build.0 = Debug|Any CPU
		{F250D305-BC57-4729-A8D6-F598732774DC}.Debug|iPhone.ActiveCfg = Debug|Any CPU
		{F250D305-BC57-4729-A8D6-F598732774DC}.Debug|iPhone.Build.0 = Debug|Any CPU
		{F250D305-BC57-4729-A8D6-F598732774DC}.Debug|iPhoneSimulator.ActiveCfg = Debug|Any CPU
		{F250D305-BC57-4729-A8D6-F598732774DC}.Debug|iPhoneSimulator.Build.0 = Debug|Any CPU
		{F250D305-BC57-4729-A8D6-F598732774DC}.Debug|x64.ActiveCfg = Debug|Any CPU
		{F250D305-BC57-4729-A8D6-F598732774DC}.Debug|x64.Build.0 = Debug|Any CPU
		{F250D305-BC57-4729-A8D6-F598732774DC}.Debug|x86.ActiveCfg = Debug|Any CPU
		{F250D305-BC57-4729-A8D6-F598732774DC}.Debug|x86.Build.0 = Debug|Any CPU
		{F250D305-BC57-4729-A8D6-F598732774DC}.Release|Any CPU.ActiveCfg = Release|Any CPU
		{F250D305-BC57-4729-A8D6-F598732774DC}.Release|Any CPU.Build.0 = Release|Any CPU
		{F250D305-BC57-4729-A8D6-F598732774DC}.Release|ARM.ActiveCfg = Release|Any CPU
		{F250D305-BC57-4729-A8D6-F598732774DC}.Release|ARM.Build.0 = Release|Any CPU
		{F250D305-BC57-4729-A8D6-F598732774DC}.Release|iPhone.ActiveCfg = Release|Any CPU
		{F250D305-BC57-4729-A8D6-F598732774DC}.Release|iPhone.Build.0 = Release|Any CPU
		{F250D305-BC57-4729-A8D6-F598732774DC}.Release|iPhoneSimulator.ActiveCfg = Release|Any CPU
		{F250D305-BC57-4729-A8D6-F598732774DC}.Release|iPhoneSimulator.Build.0 = Release|Any CPU
		{F250D305-BC57-4729-A8D6-F598732774DC}.Release|x64.ActiveCfg = Release|Any CPU
		{F250D305-BC57-4729-A8D6-F598732774DC}.Release|x64.Build.0 = Release|Any CPU
		{F250D305-BC57-4729-A8D6-F598732774DC}.Release|x86.ActiveCfg = Release|Any CPU
		{F250D305-BC57-4729-A8D6-F598732774DC}.Release|x86.Build.0 = Release|Any CPU
	EndGlobalSection
	GlobalSection(SolutionProperties) = preSolution
		HideSolutionNode = FALSE
	EndGlobalSection
	GlobalSection(NestedProjects) = preSolution
		{89AFDF2A-1037-420A-B968-FD2BC53F0B52} = {996EEBAB-94BC-4819-80B9-2691F60F8E01}
	EndGlobalSection
	GlobalSection(ExtensibilityGlobals) = postSolution
		SolutionGuid = {749A50C8-F00E-406E-8657-C4714A5DE67B}
	EndGlobalSection
EndGlobal
